{
    "_meta": {
        "hash": {
            "sha256": "f97e396f23e24ffb7619cab58d7ad55315b7bfecf67f6d79f9432366b855af66"
        },
        "pipfile-spec": 6,
        "requires": {
            "python_version": "3.11"
        },
        "sources": [
            {
                "name": "pypi",
                "url": "https://pypi.org/simple",
                "verify_ssl": true
            }
        ]
    },
    "default": {
        "attrs": {
            "hashes": [
                "sha256:c647aa4a12dfbad9333ca4e71fe62ddc36f4e63b2d260a37a8b83d2f043ac309",
                "sha256:d03ceb89cb322a8fd706d4fb91940737b6642aa36998fe130a9bc96c985eff32"
            ],
            "markers": "python_version >= '3.9'",
            "version": "==26.1.0"
        },
        "blosc2": {
            "hashes": [
                "sha256:0497793f55db0b75de08eb4c047a0bc5b96dbe5e405b53803dd3368e36336188",
                "sha256:0ec63269428aa3fb45f7d4881b2d11b428c4cb62e854caf54a767a64da4df83e",
                "sha256:1fbecd7ef4876811719aa58d84e4b414f430f329162c18578b870f5e77b59864",
                "sha256:32c365bf744353103ed91dc1f03889de03b986588181601594aa7ee773818cb4",
                "sha256:4085e5c1df186e1747d8a8578b0cc1c8b7668391d635e9f89e17156912fba85a",
                "sha256:54c5614b18f9f01473758fa64e3bc699adbe31b307a45eca0e07fa2204e4d4a1",
                "sha256:5c193959a984e7814833c8be6b9026d7744d2cff4d450476561583a87152e13e",
                "sha256:6545d6d7e7365a2a3533d4bdf7095856443aed7d5ddc577ecd0e78083790bff1",
                "sha256:659e18d5e606a0ca4d80766f86d87e640818051911d01679eed11022243a7e4f",
                "sha256:8eb02f67d4ed8ac8f0ce5f3c8cafc0059255bb6899fd35127e4076925640f239",
                "sha256:96dd63eb7641594208e6a865fd60a0bdde24568a180180beb8af4d6608796f3a",
                "sha256:98ab1cd57f9d7422f1636a6b290f2940113ee8be26bfe3823e8c011826972b9c",
                "sha256:c58990ab2bcd0f412496acf1d05c65d955d963197bbaa57b10b2ace31c29181a",
                "sha256:c5c52649837d514669107c77e8f172e9e5ecfa030eef0d378bb47ce1689921c9",
                "sha256:cec4c0570543921ce6b8c9ffdbf9f2170de37ecaf8e2b213e867e3130b81f205",
                "sha256:d98e850f0de55e15c402c6e27105ba850f8954e784e30a7f8bde89eb70a08574",
                "sha256:ea3396de7757092d502fb297a44a8d019d92e750e5aebcd9d39a157fde8785b3",
                "sha256:ef018926b55799cf23345127dde8f29356b4451b3e067e1b07f0d186213bd821",
                "sha256:f19b0b3674f6c825b490f00d8264b0c540c2cdc11ec7e81178d38b83c57790a1",
                "sha256:f206e6a01a8167b441bf886ff022eb20e0f085b09300f49f3018f566c14d918a",
                "sha256:f465b8ab54ecde6b8654672a50a4c3699aafd8e2de0dfcd84ed53f8a34c1734a"
            ],
            "markers": "python_version >= '3.8' and python_version < '4'",
            "version": "==2.0.0"
        },
        "certifi": {
            "hashes": [
                "sha256:62f22742b58a1a33014a2b6b706588a8d7e2a88ae7bd1a6ebe8c992928483775",
                "sha256:741e2c3b351ddf169a738da9f2c048608ff7f2c5cc02f1ebc6b118bb090d5d55"
            ],
            "markers": "python_version >= '3.7'",
            "version": "==2026.7.22"
        },
        "click": {
            "hashes": [
                "sha256:9a6cea6e60b17ebe0a44c5cc636d94f09bd66142c1cd7d8b4cd731c4917a15f6",
                "sha256:e6f9f66136c816745b9d65817da91d61d957fb16e02e4dcd0552553c5a197b76"
            ],
            "markers": "python_version >= '3.10'",
            "version": "==8.4.2"
        },
        "click-plugins": {
            "hashes": [
                "sha256:008d65743833ffc1f5417bf0e78e8d2c23aab04d9745ba817bd3e71b0feb6aa6",
                "sha256:d7af3984a99d243c131aa1a828331e7630f4a88a9741fd05c927b204bcf92261"
            ],
            "version": "==1.1.1.2"
        },
        "cligj": {
            "hashes": [
                "sha256:a4bc13d623356b373c2c27c53dbd9c68cae5d526270bfa71f6c6fa69669c6b27",
                "sha256:c1ca117dbce1fe20a5809dc96f01e1c2840f6dcc939b3ddbb1111bf330ba82df"
            ],
            "markers": "python_version >= '2.7' and python_version not in '3.0, 3.1, 3.2' and python_version < '4'",
            "version": "==0.7.2"
        },
        "colorama": {
            "hashes": [
                "sha256:08695f5cb7ed6e0531a20572697297273c47b8cae5a63ffc6d6ed5c201be6e44",
                "sha256:4f1d9991f5acc0ca119f9d443620b77f9d6b33703e51011c16baf57afb285fc6"
            ],
            "markers": "python_version >= '2.7' and python_version not in '3.0, 3.1, 3.2, 3.3, 3.4, 3.5, 3.6'",
            "version": "==0.4.6"
        },
        "cython": {
            "hashes": [
                "sha256:114b2dee0fa1daa48a59574d848da0ff1b6bdb725a755e9b92fad14962e1ff8d",
                "sha256:1c2974742433be5c36ae1df1e761ce0063753fc2702316d5a3062b0a4e94a1df",
                "sha256:23e80bc885c599e72072e18d0746df82d394b73100c1e153cda7359e6e59fe09",
                "sha256:2751b7c0cb13135aadcc1cc8fe223be98d458cd1132611d31675e768a5e4a2e9",
                "sha256:2b1756ddc3bc0cd4341a515fc420c3e25e13c249f5537159b3fb0bff8d19e55c",
                "sha256:41637c644d7224d2d3170ee312077c2173693f0d4a0da1c82a0cffa3680a42dc",
                "sha256:44b7fc417933d65bf31bce00337ff318efa3ea59daed21d10fe842d41e657c08",
                "sha256:4b1fd5a9c03f72a18618668a8e90d569442ed742f910e3ad003dcc9348e9598b",
                "sha256:4b871ad97dd7fb1cbf56f6238c54423febd310afc1d9d9bc70c69c89b7ce57fc",
                "sha256:522e277c29ebee304e73f3a78307549d09908b0c63098421a12dffc8d779fd74",
                "sha256:56d95c0674c25f281c6ae8f1d17bd425d6c2818bb304ff781831bb5d00d04b0b",
                "sha256:57a6a78d14f7dd7d6062d9bca694e2a8c1c14113b6ceceea076abcd1161fdc5a",
                "sha256:61d4abbf84f77c8d19361d05d9f51d65d8d95e74f736eae55fa1aed8a1430469",
                "sha256:63a42e131112072f912b66734088abc946c6bc42cb7454461a6dfdd2d09d3bae",
                "sha256:681980fcc82b346ac83bc7d59e68ca1eba74ed9576f5d8584761d0c6c68c45d0",
                "sha256:788ea800618d20158166d09f60835aab50922ae1cfe3108c93fa72e173b7002d",
                "sha256:7c534d782757710e39f3c9582214d7a28a0d68c86e78ee3df1d729cbc270e133",
                "sha256:7d41baea51ea00f9237f75af498577827493bca5e9b45bbd4e351543727e589a",
                "sha256:8c843dd85857cd0d0da055489f448d032866120cfb094ce16205a1ff54d06353",
                "sha256:92989da161a7d18a7ad4baebc49289b2b77556d5a94916f90140ba26aecf6892",
                "sha256:944dc8747f640b3527649c566a5fc75ee0c15e80642ea2fdae4fe6378e1a9d4a",
                "sha256:9d3cba9c4770cf76370fead8d2ae71bc474f3ef67ae4119e455d025726bcdc1c",
                "sha256:a2b0e87f6b80790c929308ca0831d686f7a180feab684fe8cd4a4380bd96aaca",
                "sha256:a3fc783d12202d1b064b6f125772d85f00e36e62eee6b2e415f56d8fd2d2e7b2",
                "sha256:a5cd9c5f138cb052130b40ad3b6976d2180c35348410995812678f4636bd8f94",
                "sha256:c6d4a92a87d238231564b5cbf27a8d1e46b7e62040c66b5ff33778a16b22295e",
                "sha256:cac792b0bde1c86d8f832e513cd061b7e682181cc5a6d843d487e6c8ae9d5fcb",
                "sha256:ccb0bc6b8437cfcb04459a02bc5ecc58bf161ea11659438945ab5a1392ee39fe",
                "sha256:d15c4d4ba8a3ad284124384f769465bfba45512aaa4c81caea8a165f79fc042a",
                "sha256:d249c9022ab13286b17bd66f30609e800c5f95efeecb06168990c7a66cecde6c",
                "sha256:ddb43637b7749b88644df4319e1c36f767e7fb71a92bb9942558c8de2f1cc5f4",
                "sha256:e75ec625d8f8781ced690b7a2f5c2d138067711cf24bb8fb68c872c30c2fefe5",
                "sha256:e8ec2d5a7b798c84d6779e7ca5318fd928b8fe9dd021106d714dc2e77cdc7555",
                "sha256:e9b6ebc6c74b4318eaa4e51e520dc8b95ebc7b262953c3ecb24131104681f14e",
                "sha256:e9c39962f749bd40c6e8c5063d498bd3749947888306ffedb99a0cab3a69f995",
                "sha256:efd54fe07f808e7e82f6a04f370457ca02e770c948f0e2f83345ccc7ec8bb829",
                "sha256:f25b402a6f1eed34af2af57603a9aadcf594dacaced1655e925eb317fba3f337",
                "sha256:f2fe4bc1b8fa4130563b94a3614db9ea17e92a455bed00e6a5d03eaff434b33c",
                "sha256:f815cd3387bd88ca9eeabc357ce4bdf884eef0ab2949db0fbd5e0b69fe5ee422"
            ],
            "markers": "python_version >= '3.8'",
            "version": "==3.2.9"
        },
        "fiona": {
            "hashes": [
                "sha256:1a585002a6385cc8ab0f66ddf3caf18711f531901906abd011a67a0cc89ab7b0",
                "sha256:1da8b954f6f222c3c782bc285586ea8dd9d7e55e1bc7861da9cd772bca671660",
                "sha256:285f3dd4f96aa0a3955ed469f0543375b20989731b2dddc85124453f11ac62bc",
                "sha256:2c2c7b09eecee3bb074ef8aa518cd6ab30eb663c6fdd0eff3c88d454a9746eaa",
                "sha256:39baf11ff0e4318397e2b2197de427b4eebdc49d4a9a7c1366f8a7ed682978a4",
                "sha256:450561d308d3ce7c7e30294822b1de3f4f942033b703ddd4a91a7f7f5f506ca0",
                "sha256:5679d3f7e0d513035eb72e59527bb90486859af4405755dfc739138633106120",
                "sha256:71b023ef5248ebfa5524e7a875033f7db3bbfaf634b1b5c1ae36958d1eb82083",
                "sha256:74511d3755695d75cea0f4ff6f5e0c6c5d5be8e0d46dafff124c6a219e99b1eb",
                "sha256:7bfb1f49e0e53f6cd7ad64ae809d72646266b37a7b9881205977408b443a8d79",
                "sha256:a670ea4262cb9140445bcfc97cbfd2f508a058be342f4a97e966b8ce7696601f",
                "sha256:b0387cae39e27f338fd948b3b50b6e6ce198cc4cec257fc91660849697c69dc3",
                "sha256:b633a2e550e083805c638d2ab8059c283ca112aaea8241e170c012d2ee0aa905",
                "sha256:c1faa625d5202b8403471bbc9f9c96b1bf9099cfcb0ee02a80a3641d3d02383e",
                "sha256:c671d8832287cda397621d79c5a635d52e4631f33a8f0e6fdc732a79a93cb96c",
                "sha256:d6483a20037db2209c8e9a0c6f1e552f807d03c8f42ed0c865ab500945a37c4d",
                "sha256:d93c993265f6378b23f47708c83bddb3377ca6814a1f0b5a0ae0bee9c8d72cf8",
                "sha256:dbe158947099a83ad16f9acd3a21f50ff01114c64e2de67805e382e6b6e0083a",
                "sha256:ea7c44c15b3a653452b9b3173181490b7afc5f153b0473c145c43c0fbf90448b",
                "sha256:f5da66b723a876142937e683431bbaa5c3d81bb2ed3ec98941271bc99b7f8cd0"
            ],
            "index": "pypi",
            "markers": "python_version >= '3.7'",
            "version": "==1.9.4.post1"
        },
        "msgpack": {
            "hashes": [
                "sha256:01e2dd6c9b19d333a00282330cc8a73d38d8dabc306dc5b42cd668c3ac82e833",
                "sha256:020e881a764b20d8d7ca1a54fc01b8175519d108e3c3f194fddc200bda95951a",
                "sha256:04c721c2c7448767e9e3f2520a475663d8ee0f09c31890f6d2bd70fd636a9647",
                "sha256:05f340e47e7e47d2da8db9b53e1bb1d294369e9ef45a747441309f6650b8351d",
                "sha256:0a70e3cf2804a300d921bb0940426e35f4e489a23adfb77a808892241db0a064",
                "sha256:0adcf06ffde0777c0e1a9b771a2b1c4226ba1bbf748c8efcc02fcdeca3299107",
                "sha256:0c0d9802354507bcba62af19c17918e3eb437cc25e6f50657d511b5856a77aac",
                "sha256:0e2bf9280bceb5efca998435904b5d3e9fdbcc11d90dc9df30aec7973252b720",
                "sha256:1233ee2dd0cefba127583de50ea654677277047d238303521db35def3d7b2e7c",
                "sha256:146ee4e9ce80b365c6d4c47073da9da7bcec473e58194ceee5dd7620ace77e06",
                "sha256:1548006a91aa93c5da81f3bdcebc1a0d10cea2d25969754fbe848da622b2b895",
                "sha256:196300e7e5d6e74d50f1607ab9c06c4a1484c383cd22defd727902591f7e8dde",
                "sha256:1dabedcd0f23559f3596428c6589c1cd8c6eaed3a0d720795b07b0225d769203",
                "sha256:20466cca18c49c7292a8984bc15d65857b171e7264bdcb5f96baf8be238791fc",
                "sha256:298872ecf9e61950f1c6af4ca969b859ee91783bb920ef6e6172697d0c8aad74",
                "sha256:29a3f6e9667868429d8240dfd063ea5ffdc1321c13d783aa23827a38de0dcb22",
                "sha256:2eda0b7ebb1283a98d3e4492ac933c8af6aff59fd3df1c3ed024f536af4b1dc8",
                "sha256:2ef59c659f289eddf8aa6623823f19fa2f40a4029266889eac7a2505dd210c35",
                "sha256:2ff164c1b0bcb740b073b99e945234d0212852fa378e44a208c425379140dbeb",
                "sha256:33f14fba63278b714efe6ad07e50ea5f03d91537aa6a1c5f1ceca4cf44013ca9",
                "sha256:350cb813d0af6e65d2f7ef0d729f7ff5be5a8bce03665892f43e5883d4ecc1b8",
                "sha256:4202c74688ca06591f78cb18988228bd4cca2cc75d57b60008372892d2f1e6e6",
                "sha256:4227224aaec8f7fbcbfbd4272319347b2bb4030366502600f8c45588c5187b07",
                "sha256:491cc39455ca765fad51fb451bf2915eb2cf41192ab5801ce8d67c1d614fe056",
                "sha256:575957e79cd51903a4e8495a242442949641e08f1efd5197b43bebd3ea7682b4",
                "sha256:5ad5467fc3f68b5468e06c5f788d712e9f8ffc8b0cd1bcb160c105c1ee92dae7",
                "sha256:5bb9c386f0a329c035ddbab4b72d1028bf9627add8dda41070288563d57ed1b1",
                "sha256:5c24aa15d5963051e1a5c62b12c50cd705992502b5ec1f3bece6046f33c9fc24",
                "sha256:5f6277e5f783c36786a145e0247fc189a03f35f84b251646e53592d2bc12b355",
                "sha256:60926b75d00c8e816ef98f3034f484a8bc64242d66839cef4cf7e503142316a0",
                "sha256:633727297ed063441fd1cda2288865487f33ad14eeb8831afb5f0c396a62cfce",
                "sha256:67f6dd22fa72a93752643f07889796d62739a13415ee630169a8ce764f86cf9f",
                "sha256:6d09badf350af2be9d189184e04e64cf54ad93569ab3d96fca58bd3e84aad707",
                "sha256:6ee967f7c7e1df2890c671ff2ee51a28ded0efc95da3e507176dee881ce36c66",
                "sha256:74847557e28ce71bd3c438a447ca90e4b507e997ddbdef8a12a7b283b86c156b",
                "sha256:779197a6513bab3c3632265e3d0f7cb3227e62510841a6f34f1eaa37efbb345e",
                "sha256:787c9bebb5833e8f6fc8abca3c0597683d8d87f56a8842b6b89c75a5f3176e2d",
                "sha256:7d31c0ac0c640f877804c67cb2bc9f4e23dc2db97e96c2e67fa27d38283b41f8",
                "sha256:810b916696c86ef0deb3b74588480224df4c1b071136c34183e4a2a4284d7ac7",
                "sha256:83efa1c898e0fc5380fc0cabbf75164c52e3b5cbb45973710d75821928380c73",
                "sha256:85f57e960d877f2977f6430896191b04a21f8901b3b4baf2e4604329f4db5402",
                "sha256:8b267ce94efb76fbd1b3373511420074ee3187f0f7811bf394531de13294735a",
                "sha256:8c2ed1e48cc0f460bf3c7780e7137ff21a4e18433451916f2442c1b21036cd7d",
                "sha256:8c7b398c56ff125feae96c2737abfec5595f1fa0aa186df60c56040b8accb95c",
                "sha256:8d00f177ca88a77c1cf848d204a38f249751650b601cb6532acc68805d8a8273",
                "sha256:8ff92d7feeaf5bc26c51495b69e2f99ed97ab79346fb6555f44be7dd2ac6503b",
                "sha256:91054a783328e0ea7954b8771095705c8d2243b814743fbaadf14552c9c52c5d",
                "sha256:98b58bdb89c46190e4609bb36abe17c6d4105ad13f9c5f8f6f64d320f8ced3fb",
                "sha256:a28d076ca7c82b9c8728ad90b7147489449557038bed50e4241eb832395169b4",
                "sha256:aa6c4be5d1c02a42b066ca6ddb71adf36432868fdcdb6ee87e634e86e0674190",
                "sha256:aded5bdf32609dc7987a49bbbd15a8ef096193f96dd8bbeb791de729e650acf5",
                "sha256:afc5febcd4c99effbc02b528e49d6fd0760b2b7d48c05239e345a5fa6e743d9a",
                "sha256:b50b727bd652bdc37d950336c848ef20ec54a4cafc38dce19b1cd86ad625d0f7",
                "sha256:c1c79a604a2969a868a78b6ebd27a887e00c624f14f66b3038e0590cb23332d1",
                "sha256:ca0dacff965c47afdc3749a8469d7302a8f801d6a28758d55120d75e66ce6889",
                "sha256:d3567748a5107cb40cdf66a275430c2f87c07777698f4bfd25c35f44d533258c",
                "sha256:dc871b997a9370d855b7394465f2f350e847a5b806dd38dcc9c989e7d87da155",
                "sha256:dd3bfe82d53edfe4b7fc9a7ec9761e23a7a5b1dac22264505af428253c29ed24",
                "sha256:e3dc2feb0876209d9c38aa56cb1de169bd6c4348f1aa48271f241226590993e6",
                "sha256:e4f1d0f8f98ade9634e01fb704a408f9336c0a8f1117b369f5db83dc7551d8b1",
                "sha256:ec0e675d59150a6269ddc9139087c722292664a37d071a849c05c473350f1f2d",
                "sha256:ee1d9ed27d0497b848923746cf762ed2e7db24f4be7eec8e5cbe8c766aa707b7",
                "sha256:f02cf17a6ca1abe29b5f980644f7551f94d71f2011509b26d8625ce038f0df64",
                "sha256:f12038a35fabd52e56a3547bab42401af49a45caa6dd00b34c44de235bc93ee2",
                "sha256:f310233ef7fb9c14e201c93639fe5f5260b005f56f0b29048e999c30935596cc",
                "sha256:f9389552ecf4784886345ead0647e4edc96bee37cbab05b75540f542f766c48c"
            ],
            "markers": "python_version >= '3.10'",
            "version": "==1.2.1"
        },
        "numexpr": {
            "hashes": [
                "sha256:059546e8f6283ccdb47c683101a890844f667fa6d56258d48ae2ecf1b3875957",
                "sha256:17ac9cfe6d0078c5fc06ba1c1bbd20b8783f28c6f475bbabd3cad53683075cab",
                "sha256:3f039321d1c17962c33079987b675fb251b273dbec0f51aac0934e932446ccc3",
                "sha256:5538b30199bfc68886d2be18fcef3abd11d9271767a7a69ff3688defe782800a",
                "sha256:655d84eb09adfee3c09ecf4a89a512225da153fdb7de13c447404b7d0523a9a7",
                "sha256:6931b1e9d4f629f43c14b21d44f3f77997298bea43790cfcdb4dd98804f90783",
                "sha256:6c368aa35ae9b18840e78b05f929d3a7b3abccdba9630a878c7db74ca2368339",
                "sha256:6ee9db7598dd4001138b482342b96d78110dd77cefc051ec75af3295604dde6a",
                "sha256:77898fdf3da6bb96aa8a4759a8231d763a75d848b2f2e5c5279dad0b243c8dfe",
                "sha256:7bca95f4473b444428061d4cda8e59ac564dc7dc6a1dea3015af9805c6bc2946",
                "sha256:7d71add384adc9119568d7e9ffa8a35b195decae81e0abf54a2b7779852f0637",
                "sha256:845a6aa0ed3e2a53239b89c1ebfa8cf052d3cc6e053c72805e8153300078c0b1",
                "sha256:90f12cc851240f7911a47c91aaf223dba753e98e46dff3017282e633602e76a7",
                "sha256:9400781553541f414f82eac056f2b4c965373650df9694286b9bd7e8d413f8d8",
                "sha256:9e34931089a6bafc77aaae21f37ad6594b98aa1085bb8b45d5b3cd038c3c17d9",
                "sha256:9f096d707290a6a00b6ffdaf581ee37331109fb7b6c8744e9ded7c779a48e517",
                "sha256:a38664e699526cb1687aefd9069e2b5b9387da7feac4545de446141f1ef86f46",
                "sha256:a6d2d7740ae83ba5f3531e83afc4b626daa71df1ef903970947903345c37bd03",
                "sha256:a75967d46b6bd56455dd32da6285e5ffabe155d0ee61eef685bbfb8dafb2e484",
                "sha256:b076db98ca65eeaf9bd224576e3ac84c05e451c0bd85b13664b7e5f7b62e2c70",
                "sha256:b318541bf3d8326682ebada087ba0050549a16d8b3fa260dd2585d73a83d20a7",
                "sha256:b96334fc1748e9ec4f93d5fadb1044089d73fb08208fdb8382ed77c893f0be01",
                "sha256:c867cc36cf815a3ec9122029874e00d8fbcef65035c4a5901e9b120dd5d626a2",
                "sha256:d5432537418d18691b9115d615d6daa17ee8275baef3edf1afbbf8bc69806147",
                "sha256:db93cf1842f068247de631bfc8af20118bf1f9447cd929b531595a5e0efc9346",
                "sha256:df35324666b693f13a016bc7957de7cc4d8801b746b81060b671bf78a52b9037",
                "sha256:df3a1f6b24214a1ab826e9c1c99edf1686c8e307547a9aef33910d586f626d01",
                "sha256:eaec59e9bf70ff05615c34a8b8d6c7bd042bd9f55465d7b495ea5436f45319d0",
                "sha256:f3a920bfac2645017110b87ddbe364c9c7a742870a4d2f6120b8786c25dc6db3",
                "sha256:ff5835e8af9a212e8480003d731aad1727aaea909926fd009e8ae6a1cba7f141"
            ],
            "index": "pypi",
            "markers": "python_version >= '3.7'",
            "version": "==2.8.4"
        },
        "numpy": {
            "hashes": [
                "sha256:06fa1ed84aa60ea6ef9f91ba57b5ed963c3729534e6e54055fc151fad0423f0a",
                "sha256:174a8880739c16c925799c018f3f55b8130c1f7c8e75ab0a6fa9d41cab092fd6",
                "sha256:1a13860fdcd95de7cf58bd6f8bc5a5ef81c0b0625eb2c9a783948847abbef2c2",
                "sha256:1cc3d5029a30fb5f06704ad6b23b35e11309491c999838c31f124fee32107c79",
                "sha256:22f8fc02fdbc829e7a8c578dd8d2e15a9074b630d4da29cda483337e300e3ee9",
                "sha256:26c9d33f8e8b846d5a65dd068c14e04018d05533b348d9eaeef6c1bd787f9919",
                "sha256:2b3fca8a5b00184828d12b073af4d0fc5fdd94b1632c2477526f6bd7842d700d",
                "sha256:2beef57fb031dcc0dc8fa4fe297a742027b954949cabb52a2a376c144e5e6060",
                "sha256:36340109af8da8805d8851ef1d74761b3b88e81a9bd80b290bbfed61bd2b4f75",
                "sha256:3703fc9258a4a122d17043e57b35e5ef1c5a5837c3db8be396c82e04c1cf9b0f",
                "sha256:3ced40d4e9e18242f70dd02d739e44698df3dcb010d31f495ff00a31ef6014fe",
                "sha256:4a06263321dfd3598cacb252f51e521a8cb4b6df471bb12a7ee5cbab20ea9167",
                "sha256:4eb8df4bf8d3d90d091e0146f6c28492b0be84da3e409ebef54349f71ed271ef",
                "sha256:5d5244aabd6ed7f312268b9247be47343a654ebea52a60f002dc70c769048e75",
                "sha256:64308ebc366a8ed63fd0bf426b6a9468060962f1a4339ab1074c228fa6ade8e3",
                "sha256:6a3cdb4d9c70e6b8c0814239ead47da00934666f668426fc6e94cce869e13fd7",
                "sha256:854ab91a2906ef29dc3925a064fcd365c7b4da743f84b123002f6139bcb3f8a7",
                "sha256:94cc3c222bb9fb5a12e334d0479b97bb2df446fbe622b470928f5284ffca3f8d",
                "sha256:96ca5482c3dbdd051bcd1fce8034603d6ebfc125a7bd59f55b40d8f5d246832b",
                "sha256:a2bbc29fcb1771cd7b7425f98b05307776a6baf43035d3b80c4b0f29e9545186",
                "sha256:a4cd6ed4a339c21f1d1b0fdf13426cb3b284555c27ac2f156dfdaaa7e16bfab0",
                "sha256:aa18428111fb9a591d7a9cc1b48150097ba6a7e8299fb56bdf574df650e7d1f1",
                "sha256:aa317b2325f7aa0a9471663e6093c210cb2ae9c0ad824732b307d2c51983d5b6",
                "sha256:b04f5dc6b3efdaab541f7857351aac359e6ae3c126e2edb376929bd3b7f92d7e",
                "sha256:b272d4cecc32c9e19911891446b72e986157e6a1809b7b56518b4f3755267523",
                "sha256:b361d369fc7e5e1714cf827b731ca32bff8d411212fccd29ad98ad622449cc36",
                "sha256:b96e7b9c624ef3ae2ae0e04fa9b460f6b9f17ad8b4bec6d7756510f1f6c0c841",
                "sha256:baf8aab04a2c0e859da118f0b38617e5ee65d75b83795055fb66c0d5e9e9b818",
                "sha256:bcc008217145b3d77abd3e4d5ef586e3bdfba8fe17940769f8aa09b99e856c00",
                "sha256:bd3f0091e845164a20bd5a326860c840fe2af79fa12e0469a12768a3ec578d80",
                "sha256:cc392fdcbd21d4be6ae1bb4475a03ce3b025cd49a9be5345d76d7585aea69440",
                "sha256:d73a3abcac238250091b11caef9ad12413dab01669511779bc9b29261dd50210",
                "sha256:f43740ab089277d403aa07567be138fc2a89d4d9892d113b76153e0e412409f8",
                "sha256:f65738447676ab5777f11e6bbbdb8ce11b785e105f690bc45966574816b6d3ea",
                "sha256:f79b231bf5c16b1f39c7f4875e1ded36abee1591e98742b05d8a0fb55d8a3eec",
                "sha256:fe6b44fb8fcdf7eda4ef4461b97b3f63c466b27ab151bec2366db8b197387841"
            ],
            "index": "pypi",
            "markers": "python_version >= '3.9'",
            "version": "==1.26.2"
        },
        "openmatrix": {
            "hashes": [
                "sha256:1c10155bbe65eb4f542c388813d8dad8f317dfe642fb4f616276c95e6654bdee",
                "sha256:eeeb1a628b5eeefb572361537df5ad6e4d12c3cda1233023c4c367815cab6b5f"
            ],
            "index": "pypi",
            "version": "==0.3.5.0"
        },
        "packaging": {
            "hashes": [
                "sha256:94edc256424af38762eb31306eed28beb9f0efc50a8837492c9d6fd6004aed79",
                "sha256:d7193f7c8e4e93f444fde0262bf90af30e16fa0ad0ad44cb553c87339b23cd1c"
            ],
            "markers": "python_version >= '3.9'",
            "version": "==26.3"
        },
        "pandas": {
            "hashes": [
                "sha256:02755de164da6827764ceb3bbc5f64b35cb12394b1024fdf88704d0fa06e0e2f",
                "sha256:0a1e0576611641acde15c2322228d138258f236d14b749ad9af498ab69089e2d",
                "sha256:1eb09a242184092f424b2edd06eb2b99d06dc07eeddff9929e8667d4ed44e181",
                "sha256:30a89d0fec4263ccbf96f68592fd668939481854d2ff9da709d32a047689393b",
                "sha256:50e451932b3011b61d2961b4185382c92cc8c6ee4658dcd4f320687bb2d000ee",
                "sha256:51a93d422fbb1bd04b67639ba4b5368dffc26923f3ea32a275d2cc450f1d1c86",
                "sha256:598e9020d85a8cdbaa1815eb325a91cfff2bb2b23c1442549b8a3668e36f0f77",
                "sha256:66d00300f188fa5de73f92d5725ced162488f6dc6ad4cecfe4144ca29debe3b8",
                "sha256:69167693cb8f9b3fc060956a5d0a0a8dbfed5f980d9fd2c306fb5b9c855c814c",
                "sha256:6d6d10c2142d11d40d6e6c0a190b1f89f525bcf85564707e31b0a39e3b398e08",
                "sha256:713f2f70abcdade1ddd68fc91577cb090b3544b07ceba78a12f799355a13ee44",
                "sha256:7376e13d28eb16752c398ca1d36ccfe52bf7e887067af9a0474de6331dd948d2",
                "sha256:77550c8909ebc23e56a89f91b40ad01b50c42cfbfab49b3393694a50549295ea",
                "sha256:7b21cb72958fc49ad757685db1919021d99650d7aaba676576c9e88d3889d456",
                "sha256:9ebb9f1c22ddb828e7fd017ea265a59d80461d5a79154b49a4207bd17514d122",
                "sha256:a18e5c72b989ff0f7197707ceddc99828320d0ca22ab50dd1b9e37db45b010c0",
                "sha256:a6b5f14cd24a2ed06e14255ff40fe2ea0cfaef79a8dd68069b7ace74bd6acbba",
                "sha256:b42b120458636a981077cfcfa8568c031b3e8709701315e2bfa866324a83efa8",
                "sha256:c4af689352c4fe3d75b2834933ee9d0ccdbf5d7a8a7264f0ce9524e877820c08",
                "sha256:c7319b6e68de14e6209460f72a8d1ef13c09fb3d3ef6c37c1e65b35d50b5c145",
                "sha256:cf3f0c361a4270185baa89ec7ab92ecaa355fe783791457077473f974f654df5",
                "sha256:dd46bde7309088481b1cf9c58e3f0e204b9ff9e3244f441accd220dd3365ce7c",
                "sha256:dd5476b6c3fe410ee95926873f377b856dbc4e81a9c605a0dc05aaccc6a7c6c6",
                "sha256:e69140bc2d29a8556f55445c15f5794490852af3de0f609a24003ef174528b79",
                "sha256:f908a77cbeef9bbd646bd4b81214cbef9ac3dda4181d5092a4aa9797d1bc7774"
            ],
            "index": "pypi",
            "markers": "python_version >= '3.8'",
            "version": "==2.0.2"
        },
        "py-cpuinfo": {
            "hashes": [
                "sha256:3cdbbf3fac90dc6f118bfd64384f309edeadd902d7c8fb17f02ffa1fc3f49690",
                "sha256:859625bc251f64e21f077d099d4162689c762b5d6a4c3c97553d56241c9674d5"
            ],
            "version": "==9.0.0"
        },
        "python-dateutil": {
            "hashes": [
                "sha256:37dd54208da7e1cd875388217d5e00ebd4179249f90fb72437e91a35459a0ad3",
                "sha256:a8b2bc7bffae282281c8140a97d3aa9c14da0b136dfe83f850eea9a5f7470427"
            ],
            "markers": "python_version >= '2.7' and python_version not in '3.0, 3.1, 3.2'",
            "version": "==2.9.0.post0"
        },
        "pytz": {
            "hashes": [
                "sha256:2211d3fcf9a797d3405cac96ac7f61d80e6a644f72a3309607282fe8a2010c5d",
                "sha256:dd95840dd199baea12d9cc096a1d452caa6596a1c1e4b5f3dbd1541855d5e815"
            ],
            "version": "==2026.3.post1"
        },
        "shapely": {
            "hashes": [
                "sha256:01224899ff692a62929ef1a3f5fe389043e262698a708ab7569f43a99a48ae82",
                "sha256:05c51a29336e604c084fb43ae5dbbfa2c0ef9bd6fedeae0a0d02c7b57a56ba46",
                "sha256:09d6c7763b1bee0d0a2b84bb32a4c25c6359ad1ac582a62d8b211e89de986154",
                "sha256:193a398d81c97a62fc3634a1a33798a58fd1dcf4aead254d080b273efbb7e3ff",
                "sha256:1a34a23d6266ca162499e4a22b79159dc0052f4973d16f16f990baa4d29e58b6",
                "sha256:2569a4b91caeef54dd5ae9091ae6f63526d8ca0b376b5bb9fd1a3195d047d7d4",
                "sha256:33403b8896e1d98aaa3a52110d828b18985d740cc9f34f198922018b1e0f8afe",
                "sha256:3ad81f292fffbd568ae71828e6c387da7eb5384a79db9b4fde14dd9fdeffca9a",
                "sha256:3cb256ae0c01b17f7bc68ee2ffdd45aebf42af8992484ea55c29a6151abe4386",
                "sha256:45b4833235b90bc87ee26c6537438fa77559d994d2d3be5190dd2e54d31b2820",
                "sha256:4641325e065fd3e07d55677849c9ddfd0cf3ee98f96475126942e746d55b17c8",
                "sha256:502e0a607f1dcc6dee0125aeee886379be5242c854500ea5fd2e7ac076b9ce6d",
                "sha256:66a6b1a3e72ece97fc85536a281476f9b7794de2e646ca8a4517e2e3c1446893",
                "sha256:70a18fc7d6418e5aea76ac55dce33f98e75bd413c6eb39cfed6a1ba36469d7d4",
                "sha256:7d3bbeefd8a6a1a1017265d2d36f8ff2d79d0162d8c141aa0d37a87063525656",
                "sha256:83a8ec0ee0192b6e3feee9f6a499d1377e9c295af74d7f81ecba5a42a6b195b7",
                "sha256:865bc3d7cc0ea63189d11a0b1120d1307ed7a64720a8bfa5be2fde5fc6d0d33f",
                "sha256:90cfa4144ff189a3c3de62e2f3669283c98fb760cfa2e82ff70df40f11cadb39",
                "sha256:91575d97fd67391b85686573d758896ed2fc7476321c9d2e2b0c398b628b961c",
                "sha256:9a6ac34c16f4d5d3c174c76c9d7614ec8fe735f8f82b6cc97a46b54f386a86bf",
                "sha256:a529218e72a3dbdc83676198e610485fdfa31178f4be5b519a8ae12ea688db14",
                "sha256:a70a614791ff65f5e283feed747e1cc3d9e6c6ba91556e640636bbb0a1e32a71",
                "sha256:ac1dfc397475d1de485e76de0c3c91cc9d79bd39012a84bb0f5e8a199fc17bef",
                "sha256:b06d031bc64149e340448fea25eee01360a58936c89985cf584134171e05863f",
                "sha256:b4f0711cc83734c6fad94fc8d4ec30f3d52c1787b17d9dca261dc841d4731c64",
                "sha256:b50c401b64883e61556a90b89948297f1714dbac29243d17ed9284a47e6dd731",
                "sha256:b519cf3726ddb6c67f6a951d1bb1d29691111eaa67ea19ddca4d454fbe35949c",
                "sha256:bca57b683e3d94d0919e2f31e4d70fdfbb7059650ef1b431d9f4e045690edcd5",
                "sha256:c43755d2c46b75a7b74ac6226d2cc9fa2a76c3263c5ae70c195c6fb4e7b08e79",
                "sha256:c7eed1fb3008a8a4a56425334b7eb82651a51f9e9a9c2f72844a2fb394f38a6c",
                "sha256:c8b0d834b11be97d5ab2b4dceada20ae8e07bcccbc0f55d71df6729965f406ad",
                "sha256:ce88ec79df55430e37178a191ad8df45cae90b0f6972d46d867bf6ebbb58cc4d",
                "sha256:d173d24e85e51510e658fb108513d5bc11e3fd2820db6b1bd0522266ddd11f51",
                "sha256:d8f55f355be7821dade839df785a49dc9f16d1af363134d07eb11e9207e0b189",
                "sha256:da71de5bf552d83dcc21b78cc0020e86f8d0feea43e202110973987ffa781c21",
                "sha256:e55698e0ed95a70fe9ff9a23c763acfe0bf335b02df12142f74e4543095e9a9b",
                "sha256:f32a748703e7bf6e92dfa3d2936b2fbfe76f8ce5f756e24f49ef72d17d26ad02",
                "sha256:f470a130d6ddb05b810fc1776d918659407f8d025b7f56d2742a596b6dffa6c7"
            ],
            "index": "pypi",
            "markers": "python_version >= '3.7'",
            "version": "==2.0.1"
        },
        "six": {
            "hashes": [
                "sha256:4721f391ed90541fddacab5acf947aa0d3dc7d27b2e1e8eda2be8970586c3274",
                "sha256:ff70335d468e7eb6ec65b95b99d3a2836546063f63acc5171de367e834932a81"
            ],
            "markers": "python_version >= '2.7' and python_version not in '3.0, 3.1, 3.2'",
            "version": "==1.17.0"
        },
        "tables": {
            "hashes": [
                "sha256:01e82e40f9845f71de137b4472210909e35c440bbcd0858bdd2871715daef4c7",
                "sha256:117cf0f73ee2a5cba5c2b04e4aca375779aec66045aa63128e043dc608f2023b",
                "sha256:239f15fa9881c257b5c0d9fb4cb8832778af1c5c8c1db6f6722466f8f26541e2",
                "sha256:254a4d5c2009c7ebe4293b02b8d91ea60837bff85a3c0a40cd075b8f12b1e6c3",
                "sha256:2861cd3ef9eb95eead7530e4de49fd130954871e7e6d2e288012797cb9d7c2e8",
                "sha256:3375bfafc6cf305d13617a572ab3fffc51fae2fbe0f6efce9407a41f79970b62",
                "sha256:34f3fa2366ce20b18f1df573a77c1d27306ce1f2a41d9f9eff621b5192ea8788",
                "sha256:70a3585a268beee6d0e71bfc9abec98da84d168182f350a2ffa1ae5e42798c18",
                "sha256:72da9404094ef8277bf62fce8873e8dc141cee9a8763ec8e7080b2d0de206094",
                "sha256:7e9bdbfbe025b6c751976382123c5f5cbd8fab6956aed776b0e8c889669e90d3",
                "sha256:a5ccb80651c5fad6ac744e2a756b28cfac78eab3b8503f4a2320ee6653b3bee9",
                "sha256:b9370c2a4dc0051aad6b71de4f1f9b0b8b60d30b662df5c742434f2b5c6a005e",
                "sha256:c83a74cac3c0629a0e83570d465f88843ef3609ef56a8ef9a49ee85ab3b8f02f",
                "sha256:da3c96456c473fb977cf6dbca9e889710ac020df1fa5b9ebb7f676e83996337d",
                "sha256:db185d855afd45a7259ddd0b53e5f2f8993bb134b370002c6c19532f27ce92ac",
                "sha256:e19686fad4e8f5a91c3dc1eb4b7ea928838e86fefa474c63c5787a125ea79fc7",
                "sha256:f0821007048f2af8c1a21eb3d832072046c5df366e39587a7c7e4afad14e73fc"
            ],
            "index": "pypi",
            "markers": "python_version >= '3.8'",
            "version": "==3.8.0"
        },
        "tzdata": {
            "hashes": [
                "sha256:4a1518b8993086a7982523e071643f3c0e5f213e75b21318e78bcabfff9d1415",
                "sha256:dc096730c87af6cab1b171c9d532be840741ff5d459015e7f6947bd7d7e54931"
            ],
            "markers": "python_version >= '2'",
            "version": "==2026.3"
        }
    },
    "develop": {
        "astroid": {
            "hashes": [
                "sha256:52f39653876c7dec3e3afd4c2696920e05c83832b9737afc21928f2d2eb7a753",
                "sha256:986fed8bcf79fb82c78b18a53352a0b287a73817d6dbcfba3162da36667c49a0"
            ],
            "markers": "python_full_version >= '3.10.0'",
            "version": "==4.0.4"
        },
        "colorama": {
            "hashes": [
                "sha256:08695f5cb7ed6e0531a20572697297273c47b8cae5a63ffc6d6ed5c201be6e44",
                "sha256:4f1d9991f5acc0ca119f9d443620b77f9d6b33703e51011c16baf57afb285fc6"
            ],
            "markers": "python_version >= '2.7' and python_version not in '3.0, 3.1, 3.2, 3.3, 3.4, 3.5, 3.6'",
            "version": "==0.4.6"
        },
        "dill": {
            "hashes": [
                "sha256:1e1ce33e978ae97fcfcff5638477032b801c46c7c65cf717f95fbc2248f79a9d",
                "sha256:423092df4182177d4d8ba8290c8a5b640c66ab35ec7da59ccfa00f6fa3eea5fa"
            ],
            "markers": "python_version >= '3.9'",
            "version": "==0.4.1"
        },
        "iniconfig": {
            "hashes": [
                "sha256:c76315c77db068650d49c5b56314774a7804df16fee4402c1f19d6d15d8c4730",
                "sha256:f631c04d2c48c52b84d0d0549c99ff3859c98df65b3101406327ecc7d53fbf12"
            ],
            "markers": "python_version >= '3.10'",
            "version": "==2.3.0"
        },
        "isort": {
            "hashes": [
                "sha256:171ac4ff559cdc060bcfff550bc8404a486fee0caab245679c2abe7cb253c78d",
                "sha256:28b89bc70f751b559aeca209e6120393d43fbe2490de0559662be7a9787e3d75"
            ],
            "markers": "python_full_version >= '3.10.0'",
            "version": "==8.0.1"
        },
        "mccabe": {
            "hashes": [
                "sha256:348e0240c33b60bbdf4e523192ef919f28cb2c3d7d5c7794f74009290f236325",
                "sha256:6c2d30ab6be0e4a46919781807b4f0d834ebdd6c6e3dca0bda5a15f863427b6e"
            ],
            "markers": "python_version >= '3.6'",
            "version": "==0.7.0"
        },
        "packaging": {
            "hashes": [
                "sha256:94edc256424af38762eb31306eed28beb9f0efc50a8837492c9d6fd6004aed79",
                "sha256:d7193f7c8e4e93f444fde0262bf90af30e16fa0ad0ad44cb553c87339b23cd1c"
            ],
            "markers": "python_version >= '3.9'",
            "version": "==26.3"
        },
        "platformdirs": {
            "hashes": [
                "sha256:5ed065d443751de711da036041a7a214122efc4a4de393b3f4137ba5576540e7",
                "sha256:66a73d38a849810252df809a3d8bcbda8e26f6c189920e7535ad608a48dbb5ab"
            ],
            "markers": "python_version >= '3.10'",
            "version": "==4.11.3"
        },
        "pluggy": {
            "hashes": [
                "sha256:7dcc130b76258d33b90f61b658791dede3486c3e6bfb003ee5c9bfb396dd22f3",
                "sha256:e920276dd6813095e9377c0bc5566d94c932c33b27a3e3945d8389c374dd4746"
            ],
            "markers": "python_version >= '3.9'",
            "version": "==1.6.0"
        },
        "pygments": {
            "hashes": [
                "sha256:2363c69b61c4a97c838da3b130dcd6468f4848992b21a82f2a63ec34377137d9",
                "sha256:610ca751c9bc2492b38eb9a38a7fbc93edbbb2d7182edaf34e66ae493dee5c8c"
            ],
            "markers": "python_version >= '3.9'",
            "version": "==2.21.0"
        },
        "pylint": {
            "hashes": [
                "sha256:9b2d1d15791c84b77a4fe2aafe8f0d9570717e2dea06d53b19c105cf60275a52",
                "sha256:be4a3111557a614411ed1fc89347ce4a8e1013a59e1f33d11485227a02e3304d"
            ],
            "index": "pypi",
            "markers": "python_full_version >= '3.10.0'",
            "version": "==4.0.7"
        },
        "pytest": {
            "hashes": [
                "sha256:1088fbde8f2b49d95a549a195707afa7a76a3ce9bcadc26b6d71f0ffda5fe313",
                "sha256:37a86b45efb9a47a61a36449063e8e18d0cab3161329fc099eb21783169c4f0c"
            ],
            "index": "pypi",
            "markers": "python_version >= '3.10'",
            "version": "==9.1.1"
        },
        "pytoolconfig": {
            "extras": [
                "global"
            ],
            "hashes": [
                "sha256:51e6bd1a6f108238ae6aab6a65e5eed5e75d456be1c2bf29b04e5c1e7d7adbae",
                "sha256:5d8cea8ae1996938ec3eaf44567bbc5ef1bc900742190c439a44a704d6e1b62b"
            ],
            "markers": "python_version >= '3.8'",
            "version": "==1.3.1"
        },
        "rope": {
            "hashes": [
                "sha256:00a7ea8c0c376fc0b053b2f2f8ef3bfb8b50fecf1ebf3eb80e4f8bd7f1941918",
                "sha256:8803e3b667315044f6270b0c69a10c0679f9f322ed8efe6245a93ceb7658da69"
            ],
            "index": "pypi",
            "markers": "python_version >= '3.8'",
            "version": "==1.14.0"
        },
        "tomlkit": {
            "hashes": [
                "sha256:177a05aece5a8ca5266fd3c448abb47b8d352f09d477d3ca8332db4d89b24304",
                "sha256:e25bbf38843005246210a12982776f27f99cb9be67160e14434d0c0d21ee1e97"
            ],
            "markers": "python_version >= '3.9'",
            "version": "==0.15.1"
        }
    }
}
